
Microsoft Visual Studio Solution File, Format Version 12.00
# Visual Studio Version 16
VisualStudioVersion = 16.0.30907.101
MinimumVisualStudioVersion = 10.0.40219.1
Project("{FAE04EC0-301F-11D3-BF4B-00C04F79EFBC}") = "WindowsFormsApp1", "WindowsFormsApp1\WindowsFormsApp1.csproj", "{23FC1ACE-47C4-476A-A14C-EADE92816703}"
EndProject
Global
	GlobalSection(SolutionConfigurationPlatforms) = preSolution
		Debug|Any CPU = Debug|Any CPU
		Release|Any CPU = Release|Any CPU
	EndGlobalSection
	GlobalSection(ProjectConfigurationPlatforms) = postSolution
		{23FC1ACE-47C4-476A-A14C-EADE92816703}.Debug|Any CPU.ActiveCfg = Debug|Any CPU
		{23FC1ACE-47C4-476A-A14C-EADE92816703}.Debug|Any CPU.Build.0 = Debug|Any CPU
		{23FC1ACE-47C4-476A-A14C-EADE92816703}.Release|Any CPU.ActiveCfg = Release|Any CPU
		{23FC1ACE-47C4-476A-A14C-EADE92816703}.Release|Any CPU.Build.0 = Release|Any CPU
	EndGlobalSection
	GlobalSection(SolutionProperties) = preSolution
		HideSolutionNode = FALSE
	EndGlobalSection
	GlobalSection(ExtensibilityGlobals) = postSolution
		SolutionGuid = {4050A06D-750F-4603-8927-64BB810C95FB}
	EndGlobalSection
EndGlobal
